Microsoft Visual Studio Solution File, Format Version 12.00
# Visual Studio Version 17
VisualStudioVersion = 17.0.31903.59
MinimumVisualStudioVersion = 10.0.40219.1
Project("{FAE04EC0-301F-11D3-BF4B-00C04F79EFBC}") = "SearchApp", "src\SearchApp\SearchApp.csproj", "{C28170C5-98B4-4E37-9F8E-7A3C9A3A9695}"
EndProject
Project("{FAE04EC0-301F-11D3-BF4B-00C04F79EFBC}") = "SearchApp.Search", "src\SearchApp.Search\SearchApp.Search.csproj", "{0B3B4A83-7105-40AB-9A27-4B7C9E8B8D9E}"
EndProject
Project("{FAE04EC0-301F-11D3-BF4B-00C04F79EFBC}") = "SearchApp.Plugins.Abstractions", "src\SearchApp.Plugins.Abstractions\SearchApp.Plugins.Abstractions.csproj", "{A5D5B9C1-1C52-4AF6-8D2A-F8E0D2F9312F}"
EndProject
Project("{FAE04EC0-301F-11D3-BF4B-00C04F79EFBC}") = "SearchApp.Plugins.DefaultTheme", "src\SearchApp.Plugins.DefaultTheme\SearchApp.Plugins.DefaultTheme.csproj", "{BF3B6713-5D49-4C6C-A21C-8C0B5B8F2F29}"
EndProject
Global
	GlobalSection(SolutionConfigurationPlatforms) = preSolution
		Debug|Any CPU = Debug|Any CPU
		Release|Any CPU = Release|Any CPU
	EndGlobalSection
	GlobalSection(ProjectConfigurationPlatforms) = postSolution
		{C28170C5-98B4-4E37-9F8E-7A3C9A3A9695}.Debug|Any CPU.ActiveCfg = Debug|Any CPU
		{C28170C5-98B4-4E37-9F8E-7A3C9A3A9695}.Debug|Any CPU.Build.0 = Debug|Any CPU
		{C28170C5-98B4-4E37-9F8E-7A3C9A3A9695}.Release|Any CPU.ActiveCfg = Release|Any CPU
		{C28170C5-98B4-4E37-9F8E-7A3C9A3A9695}.Release|Any CPU.Build.0 = Release|Any CPU
		{0B3B4A83-7105-40AB-9A27-4B7C9E8B8D9E}.Debug|Any CPU.ActiveCfg = Debug|Any CPU
		{0B3B4A83-7105-40AB-9A27-4B7C9E8B8D9E}.Debug|Any CPU.Build.0 = Debug|Any CPU
		{0B3B4A83-7105-40AB-9A27-4B7C9E8B8D9E}.Release|Any CPU.ActiveCfg = Release|Any CPU
		{0B3B4A83-7105-40AB-9A27-4B7C9E8B8D9E}.Release|Any CPU.Build.0 = Release|Any CPU
		{A5D5B9C1-1C52-4AF6-8D2A-F8E0D2F9312F}.Debug|Any CPU.ActiveCfg = Debug|Any CPU
		{A5D5B9C1-1C52-4AF6-8D2A-F8E0D2F9312F}.Debug|Any CPU.Build.0 = Debug|Any CPU
		{A5D5B9C1-1C52-4AF6-8D2A-F8E0D2F9312F}.Release|Any CPU.ActiveCfg = Release|Any CPU
		{A5D5B9C1-1C52-4AF6-8D2A-F8E0D2F9312F}.Release|Any CPU.Build.0 = Release|Any CPU
		{BF3B6713-5D49-4C6C-A21C-8C0B5B8F2F29}.Debug|Any CPU.ActiveCfg = Debug|Any CPU
		{BF3B6713-5D49-4C6C-A21C-8C0B5B8F2F29}.Debug|Any CPU.Build.0 = Debug|Any CPU
		{BF3B6713-5D49-4C6C-A21C-8C0B5B8F2F29}.Release|Any CPU.ActiveCfg = Release|Any CPU
		{BF3B6713-5D49-4C6C-A21C-8C0B5B8F2F29}.Release|Any CPU.Build.0 = Release|Any CPU
	EndGlobalSection
	GlobalSection(SolutionProperties) = preSolution
		HideSolutionNode = FALSE
	EndGlobalSection
EndGlobal
